dependencies:
  cheerio: 1.0.0-rc.5
  dialog: 0.3.1
  jsonfile: 6.1.0
  node-fetch: 2.6.1
devDependencies:
  '@vercel/ncc': 0.26.1
lockfileVersion: 5.2
packages:
  /@vercel/ncc/0.26.1:
    dev: true
    hasBin: true
    resolution:
      integrity: sha512-iVhYAL/rpHgjO88GkDHNVNrp7WTfMFBbeWXNgwaDPMv5rDI4hNOAM0u+Zhtbs42XBQE6EccNaY6UDb/tm1+dhg==
  /boolbase/1.0.0:
    dev: false
    resolution:
      integrity: sha1-aN/1++YMUes3cl6p4+0xDcwed24=
  /cheerio-select-tmp/0.1.1:
    dependencies:
      css-select: 3.1.2
      css-what: 4.0.0
      domelementtype: 2.1.0
      domhandler: 4.0.0
      domutils: 2.4.4
    deprecated: Use cheerio-select instead
    dev: false
    resolution:
      integrity: sha512-YYs5JvbpU19VYJyj+F7oYrIE2BOll1/hRU7rEy/5+v9BzkSo3bK81iAeeQEMI92vRIxz677m72UmJUiVwwgjfQ==
  /cheerio/1.0.0-rc.5:
    dependencies:
      cheerio-select-tmp: 0.1.1
      dom-serializer: 1.2.0
      domhandler: 4.0.0
      entities: 2.1.0
      htmlparser2: 6.0.0
      parse5: 6.0.1
      parse5-htmlparser2-tree-adapter: 6.0.1
    dev: false
    engines:
      node: '>= 0.12'
    resolution:
      integrity: sha512-yoqps/VCaZgN4pfXtenwHROTp8NG6/Hlt4Jpz2FEP0ZJQ+ZUkVDd0hAPDNKhj3nakpfPt/CNs57yEtxD1bXQiw==
  /css-select/3.1.2:
    dependencies:
      boolbase: 1.0.0
      css-what: 4.0.0
      domhandler: 4.0.0
      domutils: 2.4.4
      nth-check: 2.0.0
    dev: false
    resolution:
      integrity: sha512-qmss1EihSuBNWNNhHjxzxSfJoFBM/lERB/Q4EnsJQQC62R2evJDW481091oAdOr9uh46/0n4nrg0It5cAnj1RA==
  /css-what/4.0.0:
    dev: false
    engines:
      node: '>= 6'
    resolution:
      integrity: sha512-teijzG7kwYfNVsUh2H/YN62xW3KK9YhXEgSlbxMlcyjPNvdKJqFx5lrwlJgoFP1ZHlB89iGDlo/JyshKeRhv5A==
  /dialog/0.3.1:
    dev: false
    hasBin: true
    resolution:
      integrity: sha1-j9m0f9sne7noIXK7bia8V4qmElQ=
  /dom-serializer/1.2.0:
    dependencies:
      domelementtype: 2.1.0
      domhandler: 4.0.0
      entities: 2.1.0
    dev: false
    resolution:
      integrity: sha512-n6kZFH/KlCrqs/1GHMOd5i2fd/beQHuehKdWvNNffbGHTr/almdhuVvTVFb3V7fglz+nC50fFusu3lY33h12pA==
  /domelementtype/2.1.0:
    dev: false
    resolution:
      integrity: sha512-LsTgx/L5VpD+Q8lmsXSHW2WpA+eBlZ9HPf3erD1IoPF00/3JKHZ3BknUVA2QGDNu69ZNmyFmCWBSO45XjYKC5w==
  /domhandler/4.0.0:
    dependencies:
      domelementtype: 2.1.0
    dev: false
    engines:
      node: '>= 4'
    resolution:
      integrity: sha512-KPTbnGQ1JeEMQyO1iYXoagsI6so/C96HZiFyByU3T6iAzpXn8EGEvct6unm1ZGoed8ByO2oirxgwxBmqKF9haA==
  /domutils/2.4.4:
    dependencies:
      dom-serializer: 1.2.0
      domelementtype: 2.1.0
      domhandler: 4.0.0
    dev: false
    resolution:
      integrity: sha512-jBC0vOsECI4OMdD0GC9mGn7NXPLb+Qt6KW1YDQzeQYRUFKmNG8lh7mO5HiELfr+lLQE7loDVI4QcAxV80HS+RA==
  /entities/2.1.0:
    dev: false
    resolution:
      integrity: sha512-hCx1oky9PFrJ611mf0ifBLBRW8lUUVRlFolb5gWRfIELabBlbp9xZvrqZLZAs+NxFnbfQoeGd8wDkygjg7U85w==
  /graceful-fs/4.2.4:
    dev: false
    optional: true
    resolution:
      integrity: sha512-WjKPNJF79dtJAVniUlGGWHYGz2jWxT6VhN/4m1NdkbZ2nOsEF+cI1Edgql5zCRhs/VsQYRvrXctxktVXZUkixw==
  /htmlparser2/6.0.0:
    dependencies:
      domelementtype: 2.1.0
      domhandler: 4.0.0
      domutils: 2.4.4
      entities: 2.1.0
    dev: false
    resolution:
      integrity: sha512-numTQtDZMoh78zJpaNdJ9MXb2cv5G3jwUoe3dMQODubZvLoGvTE/Ofp6sHvH8OGKcN/8A47pGLi/k58xHP/Tfw==
  /jsonfile/6.1.0:
    dependencies:
      universalify: 2.0.0
    dev: false
    optionalDependencies:
      graceful-fs: 4.2.4
    resolution:
      integrity: sha512-5dgndWOriYSm5cnYaJNhalLNDKOqFwyDB/rr1E9ZsGciGvKPs8R2xYGCacuf3z6K1YKDz182fd+fY3cn3pMqXQ==
  /node-fetch/2.6.1:
    dev: false
    engines:
      node: 4.x || >=6.0.0
    resolution:
      integrity: sha512-V4aYg89jEoVRxRb2fJdAg8FHvI7cEyYdVAh94HH0UIK8oJxUfkjlDQN9RbMx+bEjP7+ggMiFRprSti032Oipxw==
  /nth-check/2.0.0:
    dependencies:
      boolbase: 1.0.0
    dev: false
    resolution:
      integrity: sha512-i4sc/Kj8htBrAiH1viZ0TgU8Y5XqCaV/FziYK6TBczxmeKm3AEFWqqF3195yKudrarqy7Zu80Ra5dobFjn9X/Q==
  /parse5-htmlparser2-tree-adapter/6.0.1:
    dependencies:
      parse5: 6.0.1
    dev: false
    resolution:
      integrity: sha512-qPuWvbLgvDGilKc5BoicRovlT4MtYT6JfJyBOMDsKoiT+GiuP5qyrPCnR9HcPECIJJmZh5jRndyNThnhhb/vlA==
  /parse5/6.0.1:
    dev: false
    resolution:
      integrity: sha512-Ofn/CTFzRGTTxwpNEs9PP93gXShHcTq255nzRYSKe8AkVpZY7e1fpmTfOyoIvjP5HG7Z2ZM7VS9PPhQGW2pOpw==
  /universalify/2.0.0:
    dev: false
    engines:
      node: '>= 10.0.0'
    resolution:
      integrity: sha512-hAZsKq7Yy11Zu1DE0OzWjw7nnLZmJZYTDZZyEFHZdUhV8FkH5MCfoU1XMaxXovpyW5nq5scPqq0ZDP9Zyl04oQ==
specifiers:
  '@vercel/ncc': ^0.26.1
  cheerio: ^1.0.0-rc.5
  dialog: ^0.3.1
  jsonfile: ^6.1.0
  node-fetch: ^2.6.1
